{
  "name": "seeourfamily",
  "lockfileVersion": 3,
  "requires": true,
  "packages": {
    "": {
      "dependencies": {
        "raphael": "^2.3.0",
        "treant-js": "^1.0.1"
      }
    },
    "node_modules/eve-raphael": {
      "version": "0.5.0",
      "resolved": "https://registry.npmjs.org/eve-raphael/-/eve-raphael-0.5.0.tgz",
      "integrity": "sha512-jrxnPsCGqng1UZuEp9DecX/AuSyAszATSjf4oEcRxvfxa1Oux4KkIPKBAAWWnpdwfARtr+Q0o9aPYWjsROD7ug=="
    },
    "node_modules/raphael": {
      "version": "2.3.0",
      "resolved": "https://registry.npmjs.org/raphael/-/raphael-2.3.0.tgz",
      "integrity": "sha512-w2yIenZAQnp257XUWGni4bLMVxpUpcIl7qgxEgDIXtmSypYtlNxfXWpOBxs7LBTps5sDwhRnrToJrMUrivqNTQ==",
      "license": "MIT",
      "dependencies": {
        "eve-raphael": "0.5.0"
      }
    },
    "node_modules/treant-js": {
      "version": "1.0.1",
      "resolved": "https://registry.npmjs.org/treant-js/-/treant-js-1.0.1.tgz",
      "integrity": "sha512-P5f8x5FbEo/TroUTOBZN15UV4EDUZLKIF0x3BCXY7kvDgBrKiee5zdjdASA8neoml8MDkfuh/NDQAhTiupR4Rg==",
      "license": "MIT"
    }
  }
}
